
Microsoft Visual Studio Solution File, Format Version 12.00
# Visual Studio Version 16
VisualStudioVersion = 16.0.31410.357
MinimumVisualStudioVersion = 10.0.40219.1
Project("{FAE04EC0-301F-11D3-BF4B-00C04F79EFBC}") = "AdminApplication", "AdminApplication.csproj", "{14A85EF5-72D8-4EE9-9364-FB70E6169A9B}"
EndProject
Global
	GlobalSection(SolutionConfigurationPlatforms) = preSolution
		Debug|Any CPU = Debug|Any CPU
		Release|Any CPU = Release|Any CPU
	EndGlobalSection
	GlobalSection(ProjectConfigurationPlatforms) = postSolution
		{14A85EF5-72D8-4EE9-9364-FB70E6169A9B}.Debug|Any CPU.ActiveCfg = Debug|Any CPU
		{14A85EF5-72D8-4EE9-9364-FB70E6169A9B}.Debug|Any CPU.Build.0 = Debug|Any CPU
		{14A85EF5-72D8-4EE9-9364-FB70E6169A9B}.Release|Any CPU.ActiveCfg = Release|Any CPU
		{14A85EF5-72D8-4EE9-9364-FB70E6169A9B}.Release|Any CPU.Build.0 = Release|Any CPU
	EndGlobalSection
	GlobalSection(SolutionProperties) = preSolution
		HideSolutionNode = FALSE
	EndGlobalSection
	GlobalSection(ExtensibilityGlobals) = postSolution
		SolutionGuid = {447851BF-BA7E-45F6-BA95-0758FFA0D1BC}
	EndGlobalSection
EndGlobal
